
Microsoft Visual Studio Solution File, Format Version 12.00
# Visual Studio Version 17
VisualStudioVersion = 17.4.33122.133
MinimumVisualStudioVersion = 10.0.40219.1
Project("{9A19103F-16F7-4668-BE54-9A1E7A4F7556}") = "Lab9.App", "Lab9.App\Lab9.App.csproj", "{D2D845AB-DAE1-410E-AED0-C5C298E208B9}"
EndProject
Global
	GlobalSection(SolutionConfigurationPlatforms) = preSolution
		Debug|Any CPU = Debug|Any CPU
		Release|Any CPU = Release|Any CPU
	EndGlobalSection
	GlobalSection(ProjectConfigurationPlatforms) = postSolution
		{D2D845AB-DAE1-410E-AED0-C5C298E208B9}.Debug|Any CPU.ActiveCfg = Debug|Any CPU
		{D2D845AB-DAE1-410E-AED0-C5C298E208B9}.Debug|Any CPU.Build.0 = Debug|Any CPU
		{D2D845AB-DAE1-410E-AED0-C5C298E208B9}.Release|Any CPU.ActiveCfg = Release|Any CPU
		{D2D845AB-DAE1-410E-AED0-C5C298E208B9}.Release|Any CPU.Build.0 = Release|Any CPU
	EndGlobalSection
	GlobalSection(SolutionProperties) = preSolution
		HideSolutionNode = FALSE
	EndGlobalSection
	GlobalSection(ExtensibilityGlobals) = postSolution
		SolutionGuid = {FDE7CBFF-139D-48D6-8C40-24BC07567C18}
	EndGlobalSection
EndGlobal
